// !$*UTF8*$!
{
	archiveVersion = 1;
	classes = {
	};
	objectVersion = 51;
	objects = {

/* Begin PBXBuildFile section */
		55757B3C25D15DA900325F71 /* LoginEmailTextField.swift in Sources */ = {isa = PBXBuildFile; fileRef = 55757B3B25D15DA900325F71 /* LoginEmailTextField.swift */; };
		55757B4625D2725C00325F71 /* HomeViewController.swift in Sources */ = {isa = PBXBuildFile; fileRef = 55757B4525D2725C00325F71 /* HomeViewController.swift */; };
		55757B4A25D2A43B00325F71 /* UITextField + Ext.swift in Sources */ = {isa = PBXBuildFile; fileRef = 55757B4925D2A43B00325F71 /* UITextField + Ext.swift */; };
		55757B4C25D2A46E00325F71 /* String Ext.swift in Sources */ = {isa = PBXBuildFile; fileRef = 55757B4B25D2A46E00325F71 /* String Ext.swift */; };
		55757B4E25D2A48C00325F71 /* UIControl + Ext.swift in Sources */ = {isa = PBXBuildFile; fileRef = 55757B4D25D2A48C00325F71 /* UIControl + Ext.swift */; };
		55757B5025D2C7E400325F71 /* SlidingMenuViewController.swift in Sources */ = {isa = PBXBuildFile; fileRef = 55757B4F25D2C7E400325F71 /* SlidingMenuViewController.swift */; };
		55A89ABE25C85E5F00E2633E /* AppDelegate.swift in Sources */ = {isa = PBXBuildFile; fileRef = 55A89ABD25C85E5F00E2633E /* AppDelegate.swift */; };
		55A89AC525C85E5F00E2633E /* Main.storyboard in Resources */ = {isa = PBXBuildFile; fileRef = 55A89AC325C85E5F00E2633E /* Main.storyboard */; };
		55A89AC725C85E6000E2633E /* Assets.xcassets in Resources */ = {isa = PBXBuildFile; fileRef = 55A89AC625C85E6000E2633E /* Assets.xcassets */; };
		55A89ACA25C85E6000E2633E /* LaunchScreen.storyboard in Resources */ = {isa = PBXBuildFile; fileRef = 55A89AC825C85E6000E2633E /* LaunchScreen.storyboard */; };
		55A89AD425C9212000E2633E /* PageViewController.swift in Sources */ = {isa = PBXBuildFile; fileRef = 55A89AD325C9212000E2633E /* PageViewController.swift */; };
		55A89ADC25C99A1D00E2633E /* FourthHintViewController.swift in Sources */ = {isa = PBXBuildFile; fileRef = 55A89ADB25C99A1D00E2633E /* FourthHintViewController.swift */; };
		55A89ADE25CABECE00E2633E /* LoginViewController.swift in Sources */ = {isa = PBXBuildFile; fileRef = 55A89ADD25CABECE00E2633E /* LoginViewController.swift */; };
		55A89AE525CADC9600E2633E /* UIViewController + Ext.swift in Sources */ = {isa = PBXBuildFile; fileRef = 55A89AE425CADC9600E2633E /* UIViewController + Ext.swift */; };
		55A89AE725CADCF300E2633E /* Constants.swift in Sources */ = {isa = PBXBuildFile; fileRef = 55A89AE625CADCF300E2633E /* Constants.swift */; };
		55A89AED25CBD0B600E2633E /* UserService.swift in Sources */ = {isa = PBXBuildFile; fileRef = 55A89AEC25CBD0B600E2633E /* UserService.swift */; };
		55A89AF025CD752800E2633E /* LoginViewModel.swift in Sources */ = {isa = PBXBuildFile; fileRef = 55A89AEF25CD752800E2633E /* LoginViewModel.swift */; };
		55A89AF625CD7F3000E2633E /* LoginEmailFieldViewModel.swift in Sources */ = {isa = PBXBuildFile; fileRef = 55A89AF525CD7F3000E2633E /* LoginEmailFieldViewModel.swift */; };
		55A89B0025D153B500E2633E /* Validation.swift in Sources */ = {isa = PBXBuildFile; fileRef = 55A89AFF25D153B500E2633E /* Validation.swift */; };
		55EF025925DCEDC90052A591 /* UsersListViewController.swift in Sources */ = {isa = PBXBuildFile; fileRef = 55EF025825DCEDC90052A591 /* UsersListViewController.swift */; };
		55EF028225DD27C20052A591 /* UsersTableViewCell.swift in Sources */ = {isa = PBXBuildFile; fileRef = 55EF028025DD27C20052A591 /* UsersTableViewCell.swift */; };
		55EF028F25DE9E660052A591 /* UserAlbumsViewController.swift in Sources */ = {isa = PBXBuildFile; fileRef = 55EF028E25DE9E660052A591 /* UserAlbumsViewController.swift */; };
		55EF029125DE9F430052A591 /* UserAlbumsTableViewCell.swift in Sources */ = {isa = PBXBuildFile; fileRef = 55EF029025DE9F430052A591 /* UserAlbumsTableViewCell.swift */; };
		55EF029525DFC1C70052A591 /* UITableView + Ext.swift in Sources */ = {isa = PBXBuildFile; fileRef = 55EF029425DFC1C70052A591 /* UITableView + Ext.swift */; };
		55EF029725DFCE3D0052A591 /* UserAlbumsCollectionViewCell.swift in Sources */ = {isa = PBXBuildFile; fileRef = 55EF029625DFCE3D0052A591 /* UserAlbumsCollectionViewCell.swift */; };
		55EF029F25DFE8650052A591 /* URL + Ext.swift in Sources */ = {isa = PBXBuildFile; fileRef = 55EF029E25DFE8650052A591 /* URL + Ext.swift */; };
		55EF02A625E3D76B0052A591 /* UserAlbumsViewModel.swift in Sources */ = {isa = PBXBuildFile; fileRef = 55EF02A525E3D76B0052A591 /* UserAlbumsViewModel.swift */; };
		55EF02A825E3DE250052A591 /* NetworkService.swift in Sources */ = {isa = PBXBuildFile; fileRef = 55EF02A725E3DE250052A591 /* NetworkService.swift */; };
		70772571053A33D9F606E13B /* Pods_Practice.framework in Frameworks */ = {isa = PBXBuildFile; fileRef = 3EC5931500B896914D8E02D8 /* Pods_Practice.framework */; };
		E50544E525E250280060315D /* User.swift in Sources */ = {isa = PBXBuildFile; fileRef = E50544E425E250280060315D /* User.swift */; };
		E50544EA25E2508C0060315D /* UserAlbumPhoto.swift in Sources */ = {isa = PBXBuildFile; fileRef = E50544E925E2508C0060315D /* UserAlbumPhoto.swift */; };
		E50544EF25E250C10060315D /* UserAlbum.swift in Sources */ = {isa = PBXBuildFile; fileRef = E50544EE25E250C10060315D /* UserAlbum.swift */; };
		E5191B6D25E4038E00F315DB /* LoginPasswordFieldViewModel.swift in Sources */ = {isa = PBXBuildFile; fileRef = E5191B6B25E4038E00F315DB /* LoginPasswordFieldViewModel.swift */; };
		E5191B6E25E4038E00F315DB /* LoginPasswordTextField.swift in Sources */ = {isa = PBXBuildFile; fileRef = E5191B6C25E4038E00F315DB /* LoginPasswordTextField.swift */; };
		E5191B7B25E4271100F315DB /* LoginPasswordFieldViewModel.swift in Sources */ = {isa = PBXBuildFile; fileRef = E5191B7925E4271100F315DB /* LoginPasswordFieldViewModel.swift */; };
		E5191B7C25E4271100F315DB /* LoginPasswordTextField.swift in Sources */ = {isa = PBXBuildFile; fileRef = E5191B7A25E4271100F315DB /* LoginPasswordTextField.swift */; };
		E5191B7F25E4282B00F315DB /* UserAlbumPhotosViewModel.swift in Sources */ = {isa = PBXBuildFile; fileRef = E5191B7E25E4282B00F315DB /* UserAlbumPhotosViewModel.swift */; };
		E51C3C6225DB935800085684 /* SlideInTransition.swift in Sources */ = {isa = PBXBuildFile; fileRef = E51C3C6125DB935800085684 /* SlideInTransition.swift */; };
		E51E4E9925E26B2700F3C5D1 /* UsersListViewModel.swift in Sources */ = {isa = PBXBuildFile; fileRef = E51E4E9825E26B2700F3C5D1 /* UsersListViewModel.swift */; };
/* End PBXBuildFile section */

/* Begin PBXFileReference section */
		3E669C89715BE8A9E8E6E4CB /* Pods-Practice.release.xcconfig */ = {isa = PBXFileReference; includeInIndex = 1; lastKnownFileType = text.xcconfig; name = "Pods-Practice.release.xcconfig"; path = "Target Support Files/Pods-Practice/Pods-Practice.release.xcconfig"; sourceTree = "<group>"; };
		3EC5931500B896914D8E02D8 /* Pods_Practice.framework */ = {isa = PBXFileReference; explicitFileType = wrapper.framework; includeInIndex = 0; path = Pods_Practice.framework; sourceTree = BUILT_PRODUCTS_DIR; };
		55757B3B25D15DA900325F71 /* LoginEmailTextField.swift */ = {isa = PBXFileReference; lastKnownFileType = sourcecode.swift; path = LoginEmailTextField.swift; sourceTree = "<group>"; };
		55757B4525D2725C00325F71 /* HomeViewController.swift */ = {isa = PBXFileReference; lastKnownFileType = sourcecode.swift; path = HomeViewController.swift; sourceTree = "<group>"; };
		55757B4925D2A43B00325F71 /* UITextField + Ext.swift */ = {isa = PBXFileReference; lastKnownFileType = sourcecode.swift; path = "UITextField + Ext.swift"; sourceTree = "<group>"; };
		55757B4B25D2A46E00325F71 /* String Ext.swift */ = {isa = PBXFileReference; lastKnownFileType = sourcecode.swift; path = "String Ext.swift"; sourceTree = "<group>"; };
		55757B4D25D2A48C00325F71 /* UIControl + Ext.swift */ = {isa = PBXFileReference; lastKnownFileType = sourcecode.swift; path = "UIControl + Ext.swift"; sourceTree = "<group>"; };
		55757B4F25D2C7E400325F71 /* SlidingMenuViewController.swift */ = {isa = PBXFileReference; lastKnownFileType = sourcecode.swift; path = SlidingMenuViewController.swift; sourceTree = "<group>"; };
		55A89ABA25C85E5F00E2633E /* Practice.app */ = {isa = PBXFileReference; explicitFileType = wrapper.application; includeInIndex = 0; path = Practice.app; sourceTree = BUILT_PRODUCTS_DIR; };
		55A89ABD25C85E5F00E2633E /* AppDelegate.swift */ = {isa = PBXFileReference; lastKnownFileType = sourcecode.swift; path = AppDelegate.swift; sourceTree = "<group>"; };
		55A89AC625C85E6000E2633E /* Assets.xcassets */ = {isa = PBXFileReference; lastKnownFileType = folder.assetcatalog; path = Assets.xcassets; sourceTree = "<group>"; };
		55A89AC925C85E6000E2633E /* Base */ = {isa = PBXFileReference; lastKnownFileType = file.storyboard; name = Base; path = Base.lproj/LaunchScreen.storyboard; sourceTree = "<group>"; };
		55A89ACB25C85E6000E2633E /* Info.plist */ = {isa = PBXFileReference; lastKnownFileType = text.plist.xml; path = Info.plist; sourceTree = "<group>"; };
		55A89AD325C9212000E2633E /* PageViewController.swift */ = {isa = PBXFileReference; lastKnownFileType = sourcecode.swift; path = PageViewController.swift; sourceTree = "<group>"; };
		55A89ADB25C99A1D00E2633E /* FourthHintViewController.swift */ = {isa = PBXFileReference; lastKnownFileType = sourcecode.swift; path = FourthHintViewController.swift; sourceTree = "<group>"; };
		55A89ADD25CABECE00E2633E /* LoginViewController.swift */ = {isa = PBXFileReference; lastKnownFileType = sourcecode.swift; path = LoginViewController.swift; sourceTree = "<group>"; };
		55A89AE425CADC9600E2633E /* UIViewController + Ext.swift */ = {isa = PBXFileReference; lastKnownFileType = sourcecode.swift; path = "UIViewController + Ext.swift"; sourceTree = "<group>"; };
		55A89AE625CADCF300E2633E /* Constants.swift */ = {isa = PBXFileReference; lastKnownFileType = sourcecode.swift; path = Constants.swift; sourceTree = "<group>"; };
		55A89AE825CADF5C00E2633E /* en */ = {isa = PBXFileReference; lastKnownFileType = file.storyboard; name = en; path = en.lproj/Main.storyboard; sourceTree = "<group>"; };
		55A89AEC25CBD0B600E2633E /* UserService.swift */ = {isa = PBXFileReference; lastKnownFileType = sourcecode.swift; path = UserService.swift; sourceTree = "<group>"; };
		55A89AEF25CD752800E2633E /* LoginViewModel.swift */ = {isa = PBXFileReference; lastKnownFileType = sourcecode.swift; path = LoginViewModel.swift; sourceTree = "<group>"; };
		55A89AF525CD7F3000E2633E /* LoginEmailFieldViewModel.swift */ = {isa = PBXFileReference; lastKnownFileType = sourcecode.swift; path = LoginEmailFieldViewModel.swift; sourceTree = "<group>"; };
		55A89AFF25D153B500E2633E /* Validation.swift */ = {isa = PBXFileReference; lastKnownFileType = sourcecode.swift; path = Validation.swift; sourceTree = "<group>"; };
		55EF025825DCEDC90052A591 /* UsersListViewController.swift */ = {isa = PBXFileReference; lastKnownFileType = sourcecode.swift; path = UsersListViewController.swift; sourceTree = "<group>"; };
		55EF028025DD27C20052A591 /* UsersTableViewCell.swift */ = {isa = PBXFileReference; lastKnownFileType = sourcecode.swift; path = UsersTableViewCell.swift; sourceTree = "<group>"; };
		55EF028E25DE9E660052A591 /* UserAlbumsViewController.swift */ = {isa = PBXFileReference; lastKnownFileType = sourcecode.swift; path = UserAlbumsViewController.swift; sourceTree = "<group>"; };
		55EF029025DE9F430052A591 /* UserAlbumsTableViewCell.swift */ = {isa = PBXFileReference; lastKnownFileType = sourcecode.swift; path = UserAlbumsTableViewCell.swift; sourceTree = "<group>"; };
		55EF029425DFC1C70052A591 /* UITableView + Ext.swift */ = {isa = PBXFileReference; lastKnownFileType = sourcecode.swift; path = "UITableView + Ext.swift"; sourceTree = "<group>"; };
		55EF029625DFCE3D0052A591 /* UserAlbumsCollectionViewCell.swift */ = {isa = PBXFileReference; lastKnownFileType = sourcecode.swift; path = UserAlbumsCollectionViewCell.swift; sourceTree = "<group>"; };
		55EF029E25DFE8650052A591 /* URL + Ext.swift */ = {isa = PBXFileReference; lastKnownFileType = sourcecode.swift; path = "URL + Ext.swift"; sourceTree = "<group>"; };
		55EF02A525E3D76B0052A591 /* UserAlbumsViewModel.swift */ = {isa = PBXFileReference; lastKnownFileType = sourcecode.swift; path = UserAlbumsViewModel.swift; sourceTree = "<group>"; };
		55EF02A725E3DE250052A591 /* NetworkService.swift */ = {isa = PBXFileReference; lastKnownFileType = sourcecode.swift; path = NetworkService.swift; sourceTree = "<group>"; };
		DAC49464E434FC27D76986D8 /* Pods-Practice.debug.xcconfig */ = {isa = PBXFileReference; includeInIndex = 1; lastKnownFileType = text.xcconfig; name = "Pods-Practice.debug.xcconfig"; path = "Target Support Files/Pods-Practice/Pods-Practice.debug.xcconfig"; sourceTree = "<group>"; };
		E50544E425E250280060315D /* User.swift */ = {isa = PBXFileReference; lastKnownFileType = sourcecode.swift; path = User.swift; sourceTree = "<group>"; };
		E50544E925E2508C0060315D /* UserAlbumPhoto.swift */ = {isa = PBXFileReference; lastKnownFileType = sourcecode.swift; path = UserAlbumPhoto.swift; sourceTree = "<group>"; };
		E50544EE25E250C10060315D /* UserAlbum.swift */ = {isa = PBXFileReference; lastKnownFileType = sourcecode.swift; path = UserAlbum.swift; sourceTree = "<group>"; };
		E5191B6B25E4038E00F315DB /* LoginPasswordFieldViewModel.swift */ = {isa = PBXFileReference; fileEncoding = 4; lastKnownFileType = sourcecode.swift; path = LoginPasswordFieldViewModel.swift; sourceTree = "<group>"; };
		E5191B6C25E4038E00F315DB /* LoginPasswordTextField.swift */ = {isa = PBXFileReference; fileEncoding = 4; lastKnownFileType = sourcecode.swift; path = LoginPasswordTextField.swift; sourceTree = "<group>"; };
		E5191B7925E4271100F315DB /* LoginPasswordFieldViewModel.swift */ = {isa = PBXFileReference; fileEncoding = 4; lastKnownFileType = sourcecode.swift; path = LoginPasswordFieldViewModel.swift; sourceTree = "<group>"; };
		E5191B7A25E4271100F315DB /* LoginPasswordTextField.swift */ = {isa = PBXFileReference; fileEncoding = 4; lastKnownFileType = sourcecode.swift; path = LoginPasswordTextField.swift; sourceTree = "<group>"; };
		E5191B7E25E4282B00F315DB /* UserAlbumPhotosViewModel.swift */ = {isa = PBXFileReference; lastKnownFileType = sourcecode.swift; path = UserAlbumPhotosViewModel.swift; sourceTree = "<group>"; };
		E51C3C6125DB935800085684 /* SlideInTransition.swift */ = {isa = PBXFileReference; lastKnownFileType = sourcecode.swift; path = SlideInTransition.swift; sourceTree = "<group>"; };
		E51E4E9825E26B2700F3C5D1 /* UsersListViewModel.swift */ = {isa = PBXFileReference; lastKnownFileType = sourcecode.swift; path = UsersListViewModel.swift; sourceTree = "<group>"; };
/* End PBXFileReference section */

/* Begin PBXFrameworksBuildPhase section */
		55A89AB725C85E5F00E2633E /* Frameworks */ = {
			isa = PBXFrameworksBuildPhase;
			buildActionMask = 2147483647;
			files = (
				70772571053A33D9F606E13B /* Pods_Practice.framework in Frameworks */,
			);
			runOnlyForDeploymentPostprocessing = 0;
		};
/* End PBXFrameworksBuildPhase section */

/* Begin PBXGroup section */
		55757B4425D2724B00325F71 /* Home */ = {
			isa = PBXGroup;
			children = (
				55757B4525D2725C00325F71 /* HomeViewController.swift */,
				55757B4F25D2C7E400325F71 /* SlidingMenuViewController.swift */,
			);
			path = Home;
			sourceTree = "<group>";
		};
		55A89AB125C85E5F00E2633E = {
			isa = PBXGroup;
			children = (
				55A89ABC25C85E5F00E2633E /* Practice */,
				55A89ABB25C85E5F00E2633E /* Products */,
				55A89AD725C926B100E2633E /* Supporting Files */,
				6271A558BC72ABC78665BF60 /* Pods */,
				977090B1ECEFE27AE91C6BFA /* Frameworks */,
			);
			sourceTree = "<group>";
		};
		55A89ABB25C85E5F00E2633E /* Products */ = {
			isa = PBXGroup;
			children = (
				55A89ABA25C85E5F00E2633E /* Practice.app */,
			);
			name = Products;
			sourceTree = "<group>";
		};
		55A89ABC25C85E5F00E2633E /* Practice */ = {
			isa = PBXGroup;
			children = (
				E50544E225E24FB50060315D /* Models */,
				55A89AD825C93D0B00E2633E /* UI */,
				55A89AEB25CBD0A700E2633E /* Services */,
				55A89AE325CADC7800E2633E /* Helpers */,
				55A89ABD25C85E5F00E2633E /* AppDelegate.swift */,
				55A89AC325C85E5F00E2633E /* Main.storyboard */,
			);
			path = Practice;
			sourceTree = "<group>";
		};
		55A89AD725C926B100E2633E /* Supporting Files */ = {
			isa = PBXGroup;
			children = (
				55A89AC625C85E6000E2633E /* Assets.xcassets */,
				55A89AC825C85E6000E2633E /* LaunchScreen.storyboard */,
				55A89ACB25C85E6000E2633E /* Info.plist */,
			);
			path = "Supporting Files";
			sourceTree = "<group>";
		};
		55A89AD825C93D0B00E2633E /* UI */ = {
			isa = PBXGroup;
			children = (
				55A89ADF25CAD7F400E2633E /* Screens */,
				55A89AF125CD7ED600E2633E /* TextFields */,
			);
			path = UI;
			sourceTree = "<group>";
		};
		55A89ADF25CAD7F400E2633E /* Screens */ = {
			isa = PBXGroup;
			children = (
				E51C3C6A25DC001D00085684 /* Profile */,
				55A89AE025CAD7FC00E2633E /* Launch */,
			);
			path = Screens;
			sourceTree = "<group>";
		};
		55A89AE025CAD7FC00E2633E /* Launch */ = {
			isa = PBXGroup;
			children = (
				55A89AE125CAD80900E2633E /* Intro */,
				55A89AE225CAD82600E2633E /* Login */,
			);
			path = Launch;
			sourceTree = "<group>";
		};
		55A89AE125CAD80900E2633E /* Intro */ = {
			isa = PBXGroup;
			children = (
				55A89AD325C9212000E2633E /* PageViewController.swift */,
				55A89ADB25C99A1D00E2633E /* FourthHintViewController.swift */,
			);
			path = Intro;
			sourceTree = "<group>";
		};
		55A89AE225CAD82600E2633E /* Login */ = {
			isa = PBXGroup;
			children = (
				55A89ADD25CABECE00E2633E /* LoginViewController.swift */,
				55A89AEF25CD752800E2633E /* LoginViewModel.swift */,
			);
			path = Login;
			sourceTree = "<group>";
		};
		55A89AE325CADC7800E2633E /* Helpers */ = {
			isa = PBXGroup;
			children = (
				55EF029E25DFE8650052A591 /* URL + Ext.swift */,
				55A89AE425CADC9600E2633E /* UIViewController + Ext.swift */,
				55757B4925D2A43B00325F71 /* UITextField + Ext.swift */,
				55EF029425DFC1C70052A591 /* UITableView + Ext.swift */,
				55757B4B25D2A46E00325F71 /* String Ext.swift */,
				55757B4D25D2A48C00325F71 /* UIControl + Ext.swift */,
				55A89AE625CADCF300E2633E /* Constants.swift */,
				55A89AFF25D153B500E2633E /* Validation.swift */,
				E51C3C6125DB935800085684 /* SlideInTransition.swift */,
			);
			path = Helpers;
			sourceTree = "<group>";
		};
		55A89AEB25CBD0A700E2633E /* Services */ = {
			isa = PBXGroup;
			children = (
				55A89AEC25CBD0B600E2633E /* UserService.swift */,
				55EF02A725E3DE250052A591 /* NetworkService.swift */,
			);
			path = Services;
			sourceTree = "<group>";
		};
		55A89AF125CD7ED600E2633E /* TextFields */ = {
			isa = PBXGroup;
			children = (
				E5191B6A25E4038E00F315DB /* PasswordTextField */,
				55A89AF225CD7EDE00E2633E /* LoginEmail */,
			);
			path = TextFields;
			sourceTree = "<group>";
		};
		55A89AF225CD7EDE00E2633E /* LoginEmail */ = {
			isa = PBXGroup;
			children = (
				55757B3B25D15DA900325F71 /* LoginEmailTextField.swift */,
				55A89AF525CD7F3000E2633E /* LoginEmailFieldViewModel.swift */,
			);
			path = LoginEmail;
			sourceTree = "<group>";
		};
		55EF025725DCED930052A591 /* Users */ = {
			isa = PBXGroup;
			children = (
				E51E4E9725E26AF600F3C5D1 /* UsersList */,
				55EF028B25DE987C0052A591 /* User Albums */,
			);
			path = Users;
			sourceTree = "<group>";
		};
		55EF028B25DE987C0052A591 /* User Albums */ = {
			isa = PBXGroup;
			children = (
				55EF028E25DE9E660052A591 /* UserAlbumsViewController.swift */,
				55EF029025DE9F430052A591 /* UserAlbumsTableViewCell.swift */,
				55EF029625DFCE3D0052A591 /* UserAlbumsCollectionViewCell.swift */,
				55EF02A525E3D76B0052A591 /* UserAlbumsViewModel.swift */,
				E5191B7E25E4282B00F315DB /* UserAlbumPhotosViewModel.swift */,
			);
			path = "User Albums";
			sourceTree = "<group>";
		};
		6271A558BC72ABC78665BF60 /* Pods */ = {
			isa = PBXGroup;
			children = (
				DAC49464E434FC27D76986D8 /* Pods-Practice.debug.xcconfig */,
				3E669C89715BE8A9E8E6E4CB /* Pods-Practice.release.xcconfig */,
			);
			path = Pods;
			sourceTree = "<group>";
		};
		977090B1ECEFE27AE91C6BFA /* Frameworks */ = {
			isa = PBXGroup;
			children = (
				3EC5931500B896914D8E02D8 /* Pods_Practice.framework */,
			);
			name = Frameworks;
			sourceTree = "<group>";
		};
		E50544E225E24FB50060315D /* Models */ = {
			isa = PBXGroup;
			children = (
				E50544E425E250280060315D /* User.swift */,
				E50544E925E2508C0060315D /* UserAlbumPhoto.swift */,
				E50544EE25E250C10060315D /* UserAlbum.swift */,
			);
			path = Models;
			sourceTree = "<group>";
		};
		E5191B6A25E4038E00F315DB /* PasswordTextField */ = {
			isa = PBXGroup;
			children = (
				E5191B7825E4271100F315DB /* PasswordTextField */,
				E5191B6B25E4038E00F315DB /* LoginPasswordFieldViewModel.swift */,
				E5191B6C25E4038E00F315DB /* LoginPasswordTextField.swift */,
			);
			name = PasswordTextField;
			path = ../../../../../Downloads/AppProject/PasswordTextField;
			sourceTree = "<group>";
		};
		E5191B7825E4271100F315DB /* PasswordTextField */ = {
			isa = PBXGroup;
			children = (
				E5191B7925E4271100F315DB /* LoginPasswordFieldViewModel.swift */,
				E5191B7A25E4271100F315DB /* LoginPasswordTextField.swift */,
			);
			name = PasswordTextField;
			sourceTree = "<group>";
		};
		E51C3C6A25DC001D00085684 /* Profile */ = {
			isa = PBXGroup;
			children = (
				55EF025725DCED930052A591 /* Users */,
				55757B4425D2724B00325F71 /* Home */,
			);
			path = Profile;
			sourceTree = "<group>";
		};
		E51E4E9725E26AF600F3C5D1 /* UsersList */ = {
			isa = PBXGroup;
			children = (
				55EF025825DCEDC90052A591 /* UsersListViewController.swift */,
				55EF028025DD27C20052A591 /* UsersTableViewCell.swift */,
				E51E4E9825E26B2700F3C5D1 /* UsersListViewModel.swift */,
			);
			path = UsersList;
			sourceTree = "<group>";
		};
/* End PBXGroup section */

/* Begin PBXNativeTarget section */
		55A89AB925C85E5F00E2633E /* Practice */ = {
			isa = PBXNativeTarget;
			buildConfigurationList = 55A89ACE25C85E6000E2633E /* Build configuration list for PBXNativeTarget "Practice" */;
			buildPhases = (
				7D31302A5D8BA56CFDECF82C /* [CP] Check Pods Manifest.lock */,
				55A89AB625C85E5F00E2633E /* Sources */,
				55A89AB725C85E5F00E2633E /* Frameworks */,
				55A89AB825C85E5F00E2633E /* Resources */,
				F2F52155931E68F8B0454BF3 /* [CP] Embed Pods Frameworks */,
			);
			buildRules = (
			);
			dependencies = (
			);
			name = Practice;
			productName = AppProject;
			productReference = 55A89ABA25C85E5F00E2633E /* Practice.app */;
			productType = "com.apple.product-type.application";
		};
/* End PBXNativeTarget section */

/* Begin PBXProject section */
		55A89AB225C85E5F00E2633E /* Project object */ = {
			isa = PBXProject;
			attributes = {
				LastSwiftUpdateCheck = 1140;
				LastUpgradeCheck = 1140;
				ORGANIZATIONNAME = MacBook;
				TargetAttributes = {
					55A89AB925C85E5F00E2633E = {
						CreatedOnToolsVersion = 11.4.1;
					};
				};
			};
			buildConfigurationList = 55A89AB525C85E5F00E2633E /* Build configuration list for PBXProject "Practice" */;
			compatibilityVersion = "Xcode 9.3";
			developmentRegion = en;
			hasScannedForEncodings = 0;
			knownRegions = (
				en,
				Base,
			);
			mainGroup = 55A89AB125C85E5F00E2633E;
			productRefGroup = 55A89ABB25C85E5F00E2633E /* Products */;
			projectDirPath = "";
			projectRoot = "";
			targets = (
				55A89AB925C85E5F00E2633E /* Practice */,
			);
		};
/* End PBXProject section */

/* Begin PBXResourcesBuildPhase section */
		55A89AB825C85E5F00E2633E /* Resources */ = {
			isa = PBXResourcesBuildPhase;
			buildActionMask = 2147483647;
			files = (
				55A89ACA25C85E6000E2633E /* LaunchScreen.storyboard in Resources */,
				55A89AC725C85E6000E2633E /* Assets.xcassets in Resources */,
				55A89AC525C85E5F00E2633E /* Main.storyboard in Resources */,
			);
			runOnlyForDeploymentPostprocessing = 0;
		};
/* End PBXResourcesBuildPhase section */

/* Begin PBXShellScriptBuildPhase section */
		7D31302A5D8BA56CFDECF82C /* [CP] Check Pods Manifest.lock */ = {
			isa = PBXShellScriptBuildPhase;
			buildActionMask = 2147483647;
			files = (
			);
			inputFileListPaths = (
			);
			inputPaths = (
				"${PODS_PODFILE_DIR_PATH}/Podfile.lock",
				"${PODS_ROOT}/Manifest.lock",
			);
			name = "[CP] Check Pods Manifest.lock";
			outputFileListPaths = (
			);
			outputPaths = (
				"$(DERIVED_FILE_DIR)/Pods-Practice-checkManifestLockResult.txt",
			);
			runOnlyForDeploymentPostprocessing = 0;
			shellPath = /bin/sh;
			shellScript = "diff \"${PODS_PODFILE_DIR_PATH}/Podfile.lock\" \"${PODS_ROOT}/Manifest.lock\" > /dev/null\nif [ $? != 0 ] ; then\n    # print error to STDERR\n    echo \"error: The sandbox is not in sync with the Podfile.lock. Run 'pod install' or update your CocoaPods installation.\" >&2\n    exit 1\nfi\n# This output is used by Xcode 'outputs' to avoid re-running this script phase.\necho \"SUCCESS\" > \"${SCRIPT_OUTPUT_FILE_0}\"\n";
			showEnvVarsInLog = 0;
		};
		F2F52155931E68F8B0454BF3 /* [CP] Embed Pods Frameworks */ = {
			isa = PBXShellScriptBuildPhase;
			buildActionMask = 2147483647;
			files = (
			);
			inputFileListPaths = (
				"${PODS_ROOT}/Target Support Files/Pods-Practice/Pods-Practice-frameworks-${CONFIGURATION}-input-files.xcfilelist",
			);
			name = "[CP] Embed Pods Frameworks";
			outputFileListPaths = (
				"${PODS_ROOT}/Target Support Files/Pods-Practice/Pods-Practice-frameworks-${CONFIGURATION}-output-files.xcfilelist",
			);
			runOnlyForDeploymentPostprocessing = 0;
			shellPath = /bin/sh;
			shellScript = "\"${PODS_ROOT}/Target Support Files/Pods-Practice/Pods-Practice-frameworks.sh\"\n";
			showEnvVarsInLog = 0;
		};
/* End PBXShellScriptBuildPhase section */

/* Begin PBXSourcesBuildPhase section */
		55A89AB625C85E5F00E2633E /* Sources */ = {
			isa = PBXSourcesBuildPhase;
			buildActionMask = 2147483647;
			files = (
				E50544EA25E2508C0060315D /* UserAlbumPhoto.swift in Sources */,
				55A89AED25CBD0B600E2633E /* UserService.swift in Sources */,
				E5191B7C25E4271100F315DB /* LoginPasswordTextField.swift in Sources */,
				55A89ADE25CABECE00E2633E /* LoginViewController.swift in Sources */,
				55EF02A625E3D76B0052A591 /* UserAlbumsViewModel.swift in Sources */,
				55A89B0025D153B500E2633E /* Validation.swift in Sources */,
				55EF029525DFC1C70052A591 /* UITableView + Ext.swift in Sources */,
				55EF029725DFCE3D0052A591 /* UserAlbumsCollectionViewCell.swift in Sources */,
				55A89AD425C9212000E2633E /* PageViewController.swift in Sources */,
				55757B4A25D2A43B00325F71 /* UITextField + Ext.swift in Sources */,
				55EF02A825E3DE250052A591 /* NetworkService.swift in Sources */,
				E50544E525E250280060315D /* User.swift in Sources */,
				E5191B6D25E4038E00F315DB /* LoginPasswordFieldViewModel.swift in Sources */,
				E5191B6E25E4038E00F315DB /* LoginPasswordTextField.swift in Sources */,
				E50544EF25E250C10060315D /* UserAlbum.swift in Sources */,
				55757B4625D2725C00325F71 /* HomeViewController.swift in Sources */,
				55757B4E25D2A48C00325F71 /* UIControl + Ext.swift in Sources */,
				E5191B7F25E4282B00F315DB /* UserAlbumPhotosViewModel.swift in Sources */,
				55757B5025D2C7E400325F71 /* SlidingMenuViewController.swift in Sources */,
				E51C3C6225DB935800085684 /* SlideInTransition.swift in Sources */,
				E5191B7B25E4271100F315DB /* LoginPasswordFieldViewModel.swift in Sources */,
				E51E4E9925E26B2700F3C5D1 /* UsersListViewModel.swift in Sources */,
				55EF028225DD27C20052A591 /* UsersTableViewCell.swift in Sources */,
				55A89ABE25C85E5F00E2633E /* AppDelegate.swift in Sources */,
				55EF028F25DE9E660052A591 /* UserAlbumsViewController.swift in Sources */,
				55A89AF025CD752800E2633E /* LoginViewModel.swift in Sources */,
				55EF029125DE9F430052A591 /* UserAlbumsTableViewCell.swift in Sources */,
				55EF029F25DFE8650052A591 /* URL + Ext.swift in Sources */,
				55A89AE525CADC9600E2633E /* UIViewController + Ext.swift in Sources */,
				55A89AF625CD7F3000E2633E /* LoginEmailFieldViewModel.swift in Sources */,
				55A89ADC25C99A1D00E2633E /* FourthHintViewController.swift in Sources */,
				55757B3C25D15DA900325F71 /* LoginEmailTextField.swift in Sources */,
				55A89AE725CADCF300E2633E /* Constants.swift in Sources */,
				55757B4C25D2A46E00325F71 /* String Ext.swift in Sources */,
				55EF025925DCEDC90052A591 /* UsersListViewController.swift in Sources */,
			);
			runOnlyForDeploymentPostprocessing = 0;
		};
/* End PBXSourcesBuildPhase section */

/* Begin PBXVariantGroup section */
		55A89AC325C85E5F00E2633E /* Main.storyboard */ = {
			isa = PBXVariantGroup;
			children = (
				55A89AE825CADF5C00E2633E /* en */,
			);
			name = Main.storyboard;
			sourceTree = "<group>";
		};
		55A89AC825C85E6000E2633E /* LaunchScreen.storyboard */ = {
			isa = PBXVariantGroup;
			children = (
				55A89AC925C85E6000E2633E /* Base */,
			);
			name = LaunchScreen.storyboard;
			sourceTree = "<group>";
		};
/* End PBXVariantGroup section */

/* Begin XCBuildConfiguration section */
		55A89ACC25C85E6000E2633E /* Debug */ = {
			isa = XCBuildConfiguration;
			buildSettings = {
				ALWAYS_SEARCH_USER_PATHS = NO;
				CLANG_ANALYZER_NONNULL = YES;
				CLANG_ANALYZER_NUMBER_OBJECT_CONVERSION = YES_AGGRESSIVE;
				CLANG_CXX_LANGUAGE_STANDARD = "gnu++14";
				CLANG_CXX_LIBRARY = "libc++";
				CLANG_ENABLE_MODULES = YES;
				CLANG_ENABLE_OBJC_ARC = YES;
				CLANG_ENABLE_OBJC_WEAK = YES;
				CLANG_WARN_BLOCK_CAPTURE_AUTORELEASING = YES;
				CLANG_WARN_BOOL_CONVERSION = YES;
				CLANG_WARN_COMMA = YES;
				CLANG_WARN_CONSTANT_CONVERSION = YES;
				CLANG_WARN_DEPRECATED_OBJC_IMPLEMENTATIONS = YES;
				CLANG_WARN_DIRECT_OBJC_ISA_USAGE = YES_ERROR;
				CLANG_WARN_DOCUMENTATION_COMMENTS = YES;
				CLANG_WARN_EMPTY_BODY = YES;
				CLANG_WARN_ENUM_CONVERSION = YES;
				CLANG_WARN_INFINITE_RECURSION = YES;
				CLANG_WARN_INT_CONVERSION = YES;
				CLANG_WARN_NON_LITERAL_NULL_CONVERSION = YES;
				CLANG_WARN_OBJC_IMPLICIT_RETAIN_SELF = YES;
				CLANG_WARN_OBJC_LITERAL_CONVERSION = YES;
				CLANG_WARN_OBJC_ROOT_CLASS = YES_ERROR;
				CLANG_WARN_RANGE_LOOP_ANALYSIS = YES;
				CLANG_WARN_STRICT_PROTOTYPES = YES;
				CLANG_WARN_SUSPICIOUS_MOVE = YES;
				CLANG_WARN_UNGUARDED_AVAILABILITY = YES_AGGRESSIVE;
				CLANG_WARN_UNREACHABLE_CODE = YES;
				CLANG_WARN__DUPLICATE_METHOD_MATCH = YES;
				COPY_PHASE_STRIP = NO;
				DEBUG_INFORMATION_FORMAT = dwarf;
				ENABLE_STRICT_OBJC_MSGSEND = YES;
				ENABLE_TESTABILITY = YES;
				GCC_C_LANGUAGE_STANDARD = gnu11;
				GCC_DYNAMIC_NO_PIC = NO;
				GCC_NO_COMMON_BLOCKS = YES;
				GCC_OPTIMIZATION_LEVEL = 0;
				GCC_PREPROCESSOR_DEFINITIONS = (
					"DEBUG=1",
					"$(inherited)",
				);
				GCC_WARN_64_TO_32_BIT_CONVERSION = YES;
				GCC_WARN_ABOUT_RETURN_TYPE = YES_ERROR;
				GCC_WARN_UNDECLARED_SELECTOR = YES;
				GCC_WARN_UNINITIALIZED_AUTOS = YES_AGGRESSIVE;
				GCC_WARN_UNUSED_FUNCTION = YES;
				GCC_WARN_UNUSED_VARIABLE = YES;
				IPHONEOS_DEPLOYMENT_TARGET = 13.0;
				MTL_ENABLE_DEBUG_INFO = INCLUDE_SOURCE;
				MTL_FAST_MATH = YES;
				ONLY_ACTIVE_ARCH = YES;
				SDKROOT = iphoneos;
				SWIFT_ACTIVE_COMPILATION_CONDITIONS = DEBUG;
				SWIFT_OPTIMIZATION_LEVEL = "-Onone";
			};
			name = Debug;
		};
		55A89ACD25C85E6000E2633E /* Release */ = {
			isa = XCBuildConfiguration;
			buildSettings = {
				ALWAYS_SEARCH_USER_PATHS = NO;
				CLANG_ANALYZER_NONNULL = YES;
				CLANG_ANALYZER_NUMBER_OBJECT_CONVERSION = YES_AGGRESSIVE;
				CLANG_CXX_LANGUAGE_STANDARD = "gnu++14";
				CLANG_CXX_LIBRARY = "libc++";
				CLANG_ENABLE_MODULES = YES;
				CLANG_ENABLE_OBJC_ARC = YES;
				CLANG_ENABLE_OBJC_WEAK = YES;
				CLANG_WARN_BLOCK_CAPTURE_AUTORELEASING = YES;
				CLANG_WARN_BOOL_CONVERSION = YES;
				CLANG_WARN_COMMA = YES;
				CLANG_WARN_CONSTANT_CONVERSION = YES;
				CLANG_WARN_DEPRECATED_OBJC_IMPLEMENTATIONS = YES;
				CLANG_WARN_DIRECT_OBJC_ISA_USAGE = YES_ERROR;
				CLANG_WARN_DOCUMENTATION_COMMENTS = YES;
				CLANG_WARN_EMPTY_BODY = YES;
				CLANG_WARN_ENUM_CONVERSION = YES;
				CLANG_WARN_INFINITE_RECURSION = YES;
				CLANG_WARN_INT_CONVERSION = YES;
				CLANG_WARN_NON_LITERAL_NULL_CONVERSION = YES;
				CLANG_WARN_OBJC_IMPLICIT_RETAIN_SELF = YES;
				CLANG_WARN_OBJC_LITERAL_CONVERSION = YES;
				CLANG_WARN_OBJC_ROOT_CLASS = YES_ERROR;
				CLANG_WARN_RANGE_LOOP_ANALYSIS = YES;
				CLANG_WARN_STRICT_PROTOTYPES = YES;
				CLANG_WARN_SUSPICIOUS_MOVE = YES;
				CLANG_WARN_UNGUARDED_AVAILABILITY = YES_AGGRESSIVE;
				CLANG_WARN_UNREACHABLE_CODE = YES;
				CLANG_WARN__DUPLICATE_METHOD_MATCH = YES;
				COPY_PHASE_STRIP = NO;
				DEBUG_INFORMATION_FORMAT = "dwarf-with-dsym";
				ENABLE_NS_ASSERTIONS = NO;
				ENABLE_STRICT_OBJC_MSGSEND = YES;
				GCC_C_LANGUAGE_STANDARD = gnu11;
				GCC_NO_COMMON_BLOCKS = YES;
				GCC_WARN_64_TO_32_BIT_CONVERSION = YES;
				GCC_WARN_ABOUT_RETURN_TYPE = YES_ERROR;
				GCC_WARN_UNDECLARED_SELECTOR = YES;
				GCC_WARN_UNINITIALIZED_AUTOS = YES_AGGRESSIVE;
				GCC_WARN_UNUSED_FUNCTION = YES;
				GCC_WARN_UNUSED_VARIABLE = YES;
				IPHONEOS_DEPLOYMENT_TARGET = 13.0;
				MTL_ENABLE_DEBUG_INFO = NO;
				MTL_FAST_MATH = YES;
				SDKROOT = iphoneos;
				SWIFT_COMPILATION_MODE = wholemodule;
				SWIFT_OPTIMIZATION_LEVEL = "-O";
				VALIDATE_PRODUCT = YES;
			};
			name = Release;
		};
		55A89ACF25C85E6000E2633E /* Debug */ = {
			isa = XCBuildConfiguration;
			baseConfigurationReference = DAC49464E434FC27D76986D8 /* Pods-Practice.debug.xcconfig */;
			buildSettings = {
				ASSETCATALOG_COMPILER_APPICON_NAME = AppIcon;
				CODE_SIGN_STYLE = Automatic;
				DEVELOPMENT_TEAM = WD8J6G23ZK;
				INFOPLIST_FILE = "Supporting Files/Info.plist";
				IPHONEOS_DEPLOYMENT_TARGET = 12.0;
				LD_RUNPATH_SEARCH_PATHS = (
					"$(inherited)",
					"@executable_path/Frameworks",
				);
				PRODUCT_BUNDLE_IDENTIFIER = MacBook.AppProject;
				PRODUCT_NAME = "$(TARGET_NAME)";
				SWIFT_VERSION = 5.0;
				TARGETED_DEVICE_FAMILY = 1;
			};
			name = Debug;
		};
		55A89AD025C85E6000E2633E /* Release */ = {
			isa = XCBuildConfiguration;
			baseConfigurationReference = 3E669C89715BE8A9E8E6E4CB /* Pods-Practice.release.xcconfig */;
			buildSettings = {
				ASSETCATALOG_COMPILER_APPICON_NAME = AppIcon;
				CODE_SIGN_STYLE = Automatic;
				DEVELOPMENT_TEAM = WD8J6G23ZK;
				INFOPLIST_FILE = "Supporting Files/Info.plist";
				IPHONEOS_DEPLOYMENT_TARGET = 12.0;
				LD_RUNPATH_SEARCH_PATHS = (
					"$(inherited)",
					"@executable_path/Frameworks",
				);
				PRODUCT_BUNDLE_IDENTIFIER = MacBook.AppProject;
				PRODUCT_NAME = "$(TARGET_NAME)";
				SWIFT_VERSION = 5.0;
				TARGETED_DEVICE_FAMILY = 1;
			};
			name = Release;
		};
/* End XCBuildConfiguration section */

/* Begin XCConfigurationList section */
		55A89AB525C85E5F00E2633E /* Build configuration list for PBXProject "Practice" */ = {
			isa = XCConfigurationList;
			buildConfigurations = (
				55A89ACC25C85E6000E2633E /* Debug */,
				55A89ACD25C85E6000E2633E /* Release */,
			);
			defaultConfigurationIsVisible = 0;
			defaultConfigurationName = Release;
		};
		55A89ACE25C85E6000E2633E /* Build configuration list for PBXNativeTarget "Practice" */ = {
			isa = XCConfigurationList;
			buildConfigurations = (
				55A89ACF25C85E6000E2633E /* Debug */,
				55A89AD025C85E6000E2633E /* Release */,
			);
			defaultConfigurationIsVisible = 0;
			defaultConfigurationName = Release;
		};
/* End XCConfigurationList section */
	};
	rootObject = 55A89AB225C85E5F00E2633E /* Project object */;
}
